
Microsoft Visual Studio Solution File, Format Version 12.00
# Visual Studio Version 17
VisualStudioVersion = 17.9.34622.214
MinimumVisualStudioVersion = 10.0.40219.1
Project("{2150E333-8FDC-42A3-9474-1A3956D46DE8}") = "src", "src", "{0E0D0204-657D-4360-A03C-6CD4F771B90D}"
EndProject
Project("{2150E333-8FDC-42A3-9474-1A3956D46DE8}") = "Core", "Core", "{26EBA964-947E-4573-AC17-6F402E62A6C6}"
EndProject
Project("{9A19103F-16F7-4668-BE54-9A1E7A4F7556}") = "HotelManager.Core", "src\HotelManager.Core\HotelManager.Core.csproj", "{7E327766-FEAB-43BF-9E21-CD9593D5A472}"
EndProject
Project("{9A19103F-16F7-4668-BE54-9A1E7A4F7556}") = "HotelManager.Api", "src\HotelManager.Api\HotelManager.Api.csproj", "{DEC60330-577E-412D-B914-CBEDE2AE99A2}"
EndProject
Project("{9A19103F-16F7-4668-BE54-9A1E7A4F7556}") = "HotelManager.Security", "src\HotelManager.Security\HotelManager.Security.csproj", "{1DD971D9-74C0-497B-BCA7-A337E06C6D0F}"
EndProject
Project("{9A19103F-16F7-4668-BE54-9A1E7A4F7556}") = "HotelManager.Infrastructure", "src\HotelManager.Infrastructure\HotelManager.Infrastructure.csproj", "{57928BCD-E4C0-41E0-A90F-82E8A5469D11}"
EndProject
Project("{2150E333-8FDC-42A3-9474-1A3956D46DE8}") = "tests", "tests", "{6E4F70CA-DB52-46D5-ACEE-57BDE3A790AD}"
EndProject
Project("{9A19103F-16F7-4668-BE54-9A1E7A4F7556}") = "HotelManager.Test", "tests\HotelManager.Test\HotelManager.Test.csproj", "{E394DF08-26CC-4775-BEC4-D269CD213251}"
EndProject
Project("{9A19103F-16F7-4668-BE54-9A1E7A4F7556}") = "HotelManager.TestInfrastructure", "src\HotelManager.TestInfrastructure\HotelManager.TestInfrastructure.csproj", "{98D44F1F-050E-40DC-9EC9-64D305223505}"
EndProject
Project("{9A19103F-16F7-4668-BE54-9A1E7A4F7556}") = "HotelManager.Abstraction", "src\HotelManager.Abstraction\HotelManager.Abstraction.csproj", "{8FF06AC8-6C59-487C-87D2-9AD65D3353F9}"
EndProject
Project("{2150E333-8FDC-42A3-9474-1A3956D46DE8}") = "Command stack", "Command stack", "{EFE884DA-94CE-4113-9D53-65F6A16C07D6}"
EndProject
Project("{2150E333-8FDC-42A3-9474-1A3956D46DE8}") = "Query stack", "Query stack", "{4E3AE384-CB7A-4FAC-966E-01DD287E8275}"
EndProject
Project("{9A19103F-16F7-4668-BE54-9A1E7A4F7556}") = "HotelManager.Domain", "src\HotelManager.Domain\HotelManager.Domain.csproj", "{CE2247A9-15C0-43F9-B794-F9684A1EFAE2}"
EndProject
Project("{9A19103F-16F7-4668-BE54-9A1E7A4F7556}") = "HotelManager.Data", "src\HotelManager.Data\HotelManager.Data.csproj", "{16152717-C6CB-4315-B8B4-806982B4A6CD}"
EndProject
Project("{9A19103F-16F7-4668-BE54-9A1E7A4F7556}") = "HotelManager.Application", "src\HotelManager.Application\HotelManager.Application.csproj", "{3A6B30AE-FBE9-4EDE-B232-0DAB667A25B8}"
EndProject
Project("{9A19103F-16F7-4668-BE54-9A1E7A4F7556}") = "HotelManager.Query.Application", "src\HotelManager.Query.Application\HotelManager.Query.Application.csproj", "{76C1C389-E61C-45C7-AC0F-10F7BE2E7A7D}"
EndProject
Project("{FAE04EC0-301F-11D3-BF4B-00C04F79EFBC}") = "HotelManager.Query.Model", "src\HotelManager.Query.Model\HotelManager.Query.Model.csproj", "{29711547-A902-44DC-9A87-9AF572EEFDEE}"
EndProject
Project("{FAE04EC0-301F-11D3-BF4B-00C04F79EFBC}") = "HotelManager.Query.Data", "src\HotelManager.Query.Data\HotelManager.Query.Data.csproj", "{73398392-2F28-4500-A94E-AA9AFAB48A66}"
EndProject
Global
	GlobalSection(SolutionConfigurationPlatforms) = preSolution
		Debug|Any CPU = Debug|Any CPU
		Release|Any CPU = Release|Any CPU
	EndGlobalSection
	GlobalSection(ProjectConfigurationPlatforms) = postSolution
		{7E327766-FEAB-43BF-9E21-CD9593D5A472}.Debug|Any CPU.ActiveCfg = Debug|Any CPU
		{7E327766-FEAB-43BF-9E21-CD9593D5A472}.Debug|Any CPU.Build.0 = Debug|Any CPU
		{7E327766-FEAB-43BF-9E21-CD9593D5A472}.Release|Any CPU.ActiveCfg = Release|Any CPU
		{7E327766-FEAB-43BF-9E21-CD9593D5A472}.Release|Any CPU.Build.0 = Release|Any CPU
		{DEC60330-577E-412D-B914-CBEDE2AE99A2}.Debug|Any CPU.ActiveCfg = Debug|Any CPU
		{DEC60330-577E-412D-B914-CBEDE2AE99A2}.Debug|Any CPU.Build.0 = Debug|Any CPU
		{DEC60330-577E-412D-B914-CBEDE2AE99A2}.Release|Any CPU.ActiveCfg = Release|Any CPU
		{DEC60330-577E-412D-B914-CBEDE2AE99A2}.Release|Any CPU.Build.0 = Release|Any CPU
		{1DD971D9-74C0-497B-BCA7-A337E06C6D0F}.Debug|Any CPU.ActiveCfg = Debug|Any CPU
		{1DD971D9-74C0-497B-BCA7-A337E06C6D0F}.Debug|Any CPU.Build.0 = Debug|Any CPU
		{1DD971D9-74C0-497B-BCA7-A337E06C6D0F}.Release|Any CPU.ActiveCfg = Release|Any CPU
		{1DD971D9-74C0-497B-BCA7-A337E06C6D0F}.Release|Any CPU.Build.0 = Release|Any CPU
		{57928BCD-E4C0-41E0-A90F-82E8A5469D11}.Debug|Any CPU.ActiveCfg = Debug|Any CPU
		{57928BCD-E4C0-41E0-A90F-82E8A5469D11}.Debug|Any CPU.Build.0 = Debug|Any CPU
		{57928BCD-E4C0-41E0-A90F-82E8A5469D11}.Release|Any CPU.ActiveCfg = Release|Any CPU
		{57928BCD-E4C0-41E0-A90F-82E8A5469D11}.Release|Any CPU.Build.0 = Release|Any CPU
		{E394DF08-26CC-4775-BEC4-D269CD213251}.Debug|Any CPU.ActiveCfg = Debug|Any CPU
		{E394DF08-26CC-4775-BEC4-D269CD213251}.Debug|Any CPU.Build.0 = Debug|Any CPU
		{E394DF08-26CC-4775-BEC4-D269CD213251}.Release|Any CPU.ActiveCfg = Release|Any CPU
		{E394DF08-26CC-4775-BEC4-D269CD213251}.Release|Any CPU.Build.0 = Release|Any CPU
		{98D44F1F-050E-40DC-9EC9-64D305223505}.Debug|Any CPU.ActiveCfg = Debug|Any CPU
		{98D44F1F-050E-40DC-9EC9-64D305223505}.Debug|Any CPU.Build.0 = Debug|Any CPU
		{98D44F1F-050E-40DC-9EC9-64D305223505}.Release|Any CPU.ActiveCfg = Release|Any CPU
		{98D44F1F-050E-40DC-9EC9-64D305223505}.Release|Any CPU.Build.0 = Release|Any CPU
		{8FF06AC8-6C59-487C-87D2-9AD65D3353F9}.Debug|Any CPU.ActiveCfg = Debug|Any CPU
		{8FF06AC8-6C59-487C-87D2-9AD65D3353F9}.Debug|Any CPU.Build.0 = Debug|Any CPU
		{8FF06AC8-6C59-487C-87D2-9AD65D3353F9}.Release|Any CPU.ActiveCfg = Release|Any CPU
		{8FF06AC8-6C59-487C-87D2-9AD65D3353F9}.Release|Any CPU.Build.0 = Release|Any CPU
		{CE2247A9-15C0-43F9-B794-F9684A1EFAE2}.Debug|Any CPU.ActiveCfg = Debug|Any CPU
		{CE2247A9-15C0-43F9-B794-F9684A1EFAE2}.Debug|Any CPU.Build.0 = Debug|Any CPU
		{CE2247A9-15C0-43F9-B794-F9684A1EFAE2}.Release|Any CPU.ActiveCfg = Release|Any CPU
		{CE2247A9-15C0-43F9-B794-F9684A1EFAE2}.Release|Any CPU.Build.0 = Release|Any CPU
		{16152717-C6CB-4315-B8B4-806982B4A6CD}.Debug|Any CPU.ActiveCfg = Debug|Any CPU
		{16152717-C6CB-4315-B8B4-806982B4A6CD}.Debug|Any CPU.Build.0 = Debug|Any CPU
		{16152717-C6CB-4315-B8B4-806982B4A6CD}.Release|Any CPU.ActiveCfg = Release|Any CPU
		{16152717-C6CB-4315-B8B4-806982B4A6CD}.Release|Any CPU.Build.0 = Release|Any CPU
		{3A6B30AE-FBE9-4EDE-B232-0DAB667A25B8}.Debug|Any CPU.ActiveCfg = Debug|Any CPU
		{3A6B30AE-FBE9-4EDE-B232-0DAB667A25B8}.Debug|Any CPU.Build.0 = Debug|Any CPU
		{3A6B30AE-FBE9-4EDE-B232-0DAB667A25B8}.Release|Any CPU.ActiveCfg = Release|Any CPU
		{3A6B30AE-FBE9-4EDE-B232-0DAB667A25B8}.Release|Any CPU.Build.0 = Release|Any CPU
		{76C1C389-E61C-45C7-AC0F-10F7BE2E7A7D}.Debug|Any CPU.ActiveCfg = Debug|Any CPU
		{76C1C389-E61C-45C7-AC0F-10F7BE2E7A7D}.Debug|Any CPU.Build.0 = Debug|Any CPU
		{76C1C389-E61C-45C7-AC0F-10F7BE2E7A7D}.Release|Any CPU.ActiveCfg = Release|Any CPU
		{76C1C389-E61C-45C7-AC0F-10F7BE2E7A7D}.Release|Any CPU.Build.0 = Release|Any CPU
		{29711547-A902-44DC-9A87-9AF572EEFDEE}.Debug|Any CPU.ActiveCfg = Debug|Any CPU
		{29711547-A902-44DC-9A87-9AF572EEFDEE}.Debug|Any CPU.Build.0 = Debug|Any CPU
		{29711547-A902-44DC-9A87-9AF572EEFDEE}.Release|Any CPU.ActiveCfg = Release|Any CPU
		{29711547-A902-44DC-9A87-9AF572EEFDEE}.Release|Any CPU.Build.0 = Release|Any CPU
		{73398392-2F28-4500-A94E-AA9AFAB48A66}.Debug|Any CPU.ActiveCfg = Debug|Any CPU
		{73398392-2F28-4500-A94E-AA9AFAB48A66}.Debug|Any CPU.Build.0 = Debug|Any CPU
		{73398392-2F28-4500-A94E-AA9AFAB48A66}.Release|Any CPU.ActiveCfg = Release|Any CPU
		{73398392-2F28-4500-A94E-AA9AFAB48A66}.Release|Any CPU.Build.0 = Release|Any CPU
	EndGlobalSection
	GlobalSection(SolutionProperties) = preSolution
		HideSolutionNode = FALSE
	EndGlobalSection
	GlobalSection(NestedProjects) = preSolution
		{26EBA964-947E-4573-AC17-6F402E62A6C6} = {0E0D0204-657D-4360-A03C-6CD4F771B90D}
		{7E327766-FEAB-43BF-9E21-CD9593D5A472} = {26EBA964-947E-4573-AC17-6F402E62A6C6}
		{DEC60330-577E-412D-B914-CBEDE2AE99A2} = {0E0D0204-657D-4360-A03C-6CD4F771B90D}
		{1DD971D9-74C0-497B-BCA7-A337E06C6D0F} = {0E0D0204-657D-4360-A03C-6CD4F771B90D}
		{57928BCD-E4C0-41E0-A90F-82E8A5469D11} = {0E0D0204-657D-4360-A03C-6CD4F771B90D}
		{E394DF08-26CC-4775-BEC4-D269CD213251} = {6E4F70CA-DB52-46D5-ACEE-57BDE3A790AD}
		{98D44F1F-050E-40DC-9EC9-64D305223505} = {0E0D0204-657D-4360-A03C-6CD4F771B90D}
		{8FF06AC8-6C59-487C-87D2-9AD65D3353F9} = {0E0D0204-657D-4360-A03C-6CD4F771B90D}
		{EFE884DA-94CE-4113-9D53-65F6A16C07D6} = {0E0D0204-657D-4360-A03C-6CD4F771B90D}
		{4E3AE384-CB7A-4FAC-966E-01DD287E8275} = {0E0D0204-657D-4360-A03C-6CD4F771B90D}
		{CE2247A9-15C0-43F9-B794-F9684A1EFAE2} = {EFE884DA-94CE-4113-9D53-65F6A16C07D6}
		{16152717-C6CB-4315-B8B4-806982B4A6CD} = {EFE884DA-94CE-4113-9D53-65F6A16C07D6}
		{3A6B30AE-FBE9-4EDE-B232-0DAB667A25B8} = {EFE884DA-94CE-4113-9D53-65F6A16C07D6}
		{76C1C389-E61C-45C7-AC0F-10F7BE2E7A7D} = {4E3AE384-CB7A-4FAC-966E-01DD287E8275}
		{29711547-A902-44DC-9A87-9AF572EEFDEE} = {4E3AE384-CB7A-4FAC-966E-01DD287E8275}
		{73398392-2F28-4500-A94E-AA9AFAB48A66} = {4E3AE384-CB7A-4FAC-966E-01DD287E8275}
	EndGlobalSection
	GlobalSection(ExtensibilityGlobals) = postSolution
		SolutionGuid = {700337F9-A61D-4E63-9043-B24CB86B3606}
	EndGlobalSection
EndGlobal
